
Microsoft Visual Studio Solution File, Format Version 12.00
# Visual Studio Version 17
VisualStudioVersion = 17.14.36408.4 d17.14
MinimumVisualStudioVersion = 10.0.40219.1
Project("{FAE04EC0-301F-11D3-BF4B-00C04F79EFBC}") = "Pmetodos", "Pmetodos\Pmetodos.csproj", "{00BEC524-41E0-4BC2-B5FB-D13FB8ABC3EC}"
EndProject
Global
	GlobalSection(SolutionConfigurationPlatforms) = preSolution
		Debug|Any CPU = Debug|Any CPU
		Release|Any CPU = Release|Any CPU
	EndGlobalSection
	GlobalSection(ProjectConfigurationPlatforms) = postSolution
		{00BEC524-41E0-4BC2-B5FB-D13FB8ABC3EC}.Debug|Any CPU.ActiveCfg = Debug|Any CPU
		{00BEC524-41E0-4BC2-B5FB-D13FB8ABC3EC}.Debug|Any CPU.Build.0 = Debug|Any CPU
		{00BEC524-41E0-4BC2-B5FB-D13FB8ABC3EC}.Release|Any CPU.ActiveCfg = Release|Any CPU
		{00BEC524-41E0-4BC2-B5FB-D13FB8ABC3EC}.Release|Any CPU.Build.0 = Release|Any CPU
	EndGlobalSection
	GlobalSection(SolutionProperties) = preSolution
		HideSolutionNode = FALSE
	EndGlobalSection
	GlobalSection(ExtensibilityGlobals) = postSolution
		SolutionGuid = {1FA16E43-66D0-43C2-9AB4-2987611F152C}
	EndGlobalSection
EndGlobal
